// !$*UTF8*$!
{
	archiveVersion = 1;
	classes = {
	};
	objectVersion = 50;
	objects = {

/* Begin PBXBuildFile section */
		DC32953F2458882E00E4F1DF /* AppDelegate.swift in Sources */ = {isa = PBXBuildFile; fileRef = DC32953E2458882E00E4F1DF /* AppDelegate.swift */; };
		DC3295412458882E00E4F1DF /* SceneDelegate.swift in Sources */ = {isa = PBXBuildFile; fileRef = DC3295402458882E00E4F1DF /* SceneDelegate.swift */; };
		DC3295432458882E00E4F1DF /* ViewController.swift in Sources */ = {isa = PBXBuildFile; fileRef = DC3295422458882E00E4F1DF /* ViewController.swift */; };
		DC3295462458882E00E4F1DF /* Main.storyboard in Resources */ = {isa = PBXBuildFile; fileRef = DC3295442458882E00E4F1DF /* Main.storyboard */; };
		DC3295482458882F00E4F1DF /* Assets.xcassets in Resources */ = {isa = PBXBuildFile; fileRef = DC3295472458882F00E4F1DF /* Assets.xcassets */; };
		DC32954B2458882F00E4F1DF /* LaunchScreen.storyboard in Resources */ = {isa = PBXBuildFile; fileRef = DC3295492458882F00E4F1DF /* LaunchScreen.storyboard */; };
		DC3295532458886F00E4F1DF /* TestViewController.swift in Sources */ = {isa = PBXBuildFile; fileRef = DC3295522458886F00E4F1DF /* TestViewController.swift */; };
/* End PBXBuildFile section */

/* Begin PBXFileReference section */
		DC32953B2458882E00E4F1DF /* NestedClosures.app */ = {isa = PBXFileReference; explicitFileType = wrapper.application; includeInIndex = 0; path = NestedClosures.app; sourceTree = BUILT_PRODUCTS_DIR; };
		DC32953E2458882E00E4F1DF /* AppDelegate.swift */ = {isa = PBXFileReference; lastKnownFileType = sourcecode.swift; path = AppDelegate.swift; sourceTree = "<group>"; };
		DC3295402458882E00E4F1DF /* SceneDelegate.swift */ = {isa = PBXFileReference; lastKnownFileType = sourcecode.swift; path = SceneDelegate.swift; sourceTree = "<group>"; };
		DC3295422458882E00E4F1DF /* ViewController.swift */ = {isa = PBXFileReference; lastKnownFileType = sourcecode.swift; path = ViewController.swift; sourceTree = "<group>"; };
		DC3295452458882E00E4F1DF /* Base */ = {isa = PBXFileReference; lastKnownFileType = file.storyboard; name = Base; path = Base.lproj/Main.storyboard; sourceTree = "<group>"; };
		DC3295472458882F00E4F1DF /* Assets.xcassets */ = {isa = PBXFileReference; lastKnownFileType = folder.assetcatalog; path = Assets.xcassets; sourceTree = "<group>"; };
		DC32954A2458882F00E4F1DF /* Base */ = {isa = PBXFileReference; lastKnownFileType = file.storyboard; name = Base; path = Base.lproj/LaunchScreen.storyboard; sourceTree = "<group>"; };
		DC32954C2458882F00E4F1DF /* Info.plist */ = {isa = PBXFileReference; lastKnownFileType = text.plist.xml; path = Info.plist; sourceTree = "<group>"; };
		DC3295522458886F00E4F1DF /* TestViewController.swift */ = {isa = PBXFileReference; lastKnownFileType = sourcecode.swift; path = TestViewController.swift; sourceTree = "<group>"; };
/* End PBXFileReference section */

/* Begin PBXFrameworksBuildPhase section */
		DC3295382458882E00E4F1DF /* Frameworks */ = {
			isa = PBXFrameworksBuildPhase;
			buildActionMask = 2147483647;
			files = (
			);
			runOnlyForDeploymentPostprocessing = 0;
		};
/* End PBXFrameworksBuildPhase section */

/* Begin PBXGroup section */
		DC3295322458882E00E4F1DF = {
			isa = PBXGroup;
			children = (
				DC32953D2458882E00E4F1DF /* NestedClosures */,
				DC32953C2458882E00E4F1DF /* Products */,
			);
			sourceTree = "<group>";
		};
		DC32953C2458882E00E4F1DF /* Products */ = {
			isa = PBXGroup;
			children = (
				DC32953B2458882E00E4F1DF /* NestedClosures.app */,
			);
			name = Products;
			sourceTree = "<group>";
		};
		DC32953D2458882E00E4F1DF /* NestedClosures */ = {
			isa = PBXGroup;
			children = (
				DC32953E2458882E00E4F1DF /* AppDelegate.swift */,
				DC3295402458882E00E4F1DF /* SceneDelegate.swift */,
				DC3295422458882E00E4F1DF /* ViewController.swift */,
				DC3295522458886F00E4F1DF /* TestViewController.swift */,
				DC3295442458882E00E4F1DF /* Main.storyboard */,
				DC3295472458882F00E4F1DF /* Assets.xcassets */,
				DC3295492458882F00E4F1DF /* LaunchScreen.storyboard */,
				DC32954C2458882F00E4F1DF /* Info.plist */,
			);
			path = NestedClosures;
			sourceTree = "<group>";
		};
/* End PBXGroup section */

/* Begin PBXNativeTarget section */
		DC32953A2458882E00E4F1DF /* NestedClosures */ = {
			isa = PBXNativeTarget;
			buildConfigurationList = DC32954F2458882F00E4F1DF /* Build configuration list for PBXNativeTarget "NestedClosures" */;
			buildPhases = (
				DC3295372458882E00E4F1DF /* Sources */,
				DC3295382458882E00E4F1DF /* Frameworks */,
				DC3295392458882E00E4F1DF /* Resources */,
			);
			buildRules = (
			);
			dependencies = (
			);
			name = NestedClosures;
			productName = NestedClosures;
			productReference = DC32953B2458882E00E4F1DF /* NestedClosures.app */;
			productType = "com.apple.product-type.application";
		};
/* End PBXNativeTarget section */

/* Begin PBXProject section */
		DC3295332458882E00E4F1DF /* Project object */ = {
			isa = PBXProject;
			attributes = {
				LastSwiftUpdateCheck = 1140;
				LastUpgradeCheck = 1140;
				ORGANIZATIONNAME = SteveDao;
				TargetAttributes = {
					DC32953A2458882E00E4F1DF = {
						CreatedOnToolsVersion = 11.4.1;
					};
				};
			};
			buildConfigurationList = DC3295362458882E00E4F1DF /* Build configuration list for PBXProject "NestedClosures" */;
			compatibilityVersion = "Xcode 9.3";
			developmentRegion = en;
			hasScannedForEncodings = 0;
			knownRegions = (
				en,
				Base,
			);
			mainGroup = DC3295322458882E00E4F1DF;
			productRefGroup = DC32953C2458882E00E4F1DF /* Products */;
			projectDirPath = "";
			projectRoot = "";
			targets = (
				DC32953A2458882E00E4F1DF /* NestedClosures */,
			);
		};
/* End PBXProject section */

/* Begin PBXResourcesBuildPhase section */
		DC3295392458882E00E4F1DF /* Resources */ = {
			isa = PBXResourcesBuildPhase;
			buildActionMask = 2147483647;
			files = (
				DC32954B2458882F00E4F1DF /* LaunchScreen.storyboard in Resources */,
				DC3295482458882F00E4F1DF /* Assets.xcassets in Resources */,
				DC3295462458882E00E4F1DF /* Main.storyboard in Resources */,
			);
			runOnlyForDeploymentPostprocessing = 0;
		};
/* End PBXResourcesBuildPhase section */

/* Begin PBXSourcesBuildPhase section */
		DC3295372458882E00E4F1DF /* Sources */ = {
			isa = PBXSourcesBuildPhase;
			buildActionMask = 2147483647;
			files = (
				DC3295432458882E00E4F1DF /* ViewController.swift in Sources */,
				DC32953F2458882E00E4F1DF /* AppDelegate.swift in Sources */,
				DC3295532458886F00E4F1DF /* TestViewController.swift in Sources */,
				DC3295412458882E00E4F1DF /* SceneDelegate.swift in Sources */,
			);
			runOnlyForDeploymentPostprocessing = 0;
		};
/* End PBXSourcesBuildPhase section */

/* Begin PBXVariantGroup section */
		DC3295442458882E00E4F1DF /* Main.storyboard */ = {
			isa = PBXVariantGroup;
			children = (
				DC3295452458882E00E4F1DF /* Base */,
			);
			name = Main.storyboard;
			sourceTree = "<group>";
		};
		DC3295492458882F00E4F1DF /* LaunchScreen.storyboard */ = {
			isa = PBXVariantGroup;
			children = (
				DC32954A2458882F00E4F1DF /* Base */,
			);
			name = LaunchScreen.storyboard;
			sourceTree = "<group>";
		};
/* End PBXVariantGroup section */

/* Begin XCBuildConfiguration section */
		DC32954D2458882F00E4F1DF /* Debug */ = {
			isa = XCBuildConfiguration;
			buildSettings = {
				ALWAYS_SEARCH_USER_PATHS = NO;
				CLANG_ANALYZER_NONNULL = YES;
				CLANG_ANALYZER_NUMBER_OBJECT_CONVERSION = YES_AGGRESSIVE;
				CLANG_CXX_LANGUAGE_STANDARD = "gnu++14";
				CLANG_CXX_LIBRARY = "libc++";
				CLANG_ENABLE_MODULES = YES;
				CLANG_ENABLE_OBJC_ARC = YES;
				CLANG_ENABLE_OBJC_WEAK = YES;
				CLANG_WARN_BLOCK_CAPTURE_AUTORELEASING = YES;
				CLANG_WARN_BOOL_CONVERSION = YES;
				CLANG_WARN_COMMA = YES;
				CLANG_WARN_CONSTANT_CONVERSION = YES;
				CLANG_WARN_DEPRECATED_OBJC_IMPLEMENTATIONS = YES;
				CLANG_WARN_DIRECT_OBJC_ISA_USAGE = YES_ERROR;
				CLANG_WARN_DOCUMENTATION_COMMENTS = YES;
				CLANG_WARN_EMPTY_BODY = YES;
				CLANG_WARN_ENUM_CONVERSION = YES;
				CLANG_WARN_INFINITE_RECURSION = YES;
				CLANG_WARN_INT_CONVERSION = YES;
				CLANG_WARN_NON_LITERAL_NULL_CONVERSION = YES;
				CLANG_WARN_OBJC_IMPLICIT_RETAIN_SELF = YES;
				CLANG_WARN_OBJC_LITERAL_CONVERSION = YES;
				CLANG_WARN_OBJC_ROOT_CLASS = YES_ERROR;
				CLANG_WARN_RANGE_LOOP_ANALYSIS = YES;
				CLANG_WARN_STRICT_PROTOTYPES = YES;
				CLANG_WARN_SUSPICIOUS_MOVE = YES;
				CLANG_WARN_UNGUARDED_AVAILABILITY = YES_AGGRESSIVE;
				CLANG_WARN_UNREACHABLE_CODE = YES;
				CLANG_WARN__DUPLICATE_METHOD_MATCH = YES;
				COPY_PHASE_STRIP = NO;
				DEBUG_INFORMATION_FORMAT = dwarf;
				ENABLE_STRICT_OBJC_MSGSEND = YES;
				ENABLE_TESTABILITY = YES;
				GCC_C_LANGUAGE_STANDARD = gnu11;
				GCC_DYNAMIC_NO_PIC = NO;
				GCC_NO_COMMON_BLOCKS = YES;
				GCC_OPTIMIZATION_LEVEL = 0;
				GCC_PREPROCESSOR_DEFINITIONS = (
					"DEBUG=1",
					"$(inherited)",
				);
				GCC_WARN_64_TO_32_BIT_CONVERSION = YES;
				GCC_WARN_ABOUT_RETURN_TYPE = YES_ERROR;
				GCC_WARN_UNDECLARED_SELECTOR = YES;
				GCC_WARN_UNINITIALIZED_AUTOS = YES_AGGRESSIVE;
				GCC_WARN_UNUSED_FUNCTION = YES;
				GCC_WARN_UNUSED_VARIABLE = YES;
				IPHONEOS_DEPLOYMENT_TARGET = 13.4;
				MTL_ENABLE_DEBUG_INFO = INCLUDE_SOURCE;
				MTL_FAST_MATH = YES;
				ONLY_ACTIVE_ARCH = YES;
				SDKROOT = iphoneos;
				SWIFT_ACTIVE_COMPILATION_CONDITIONS = DEBUG;
				SWIFT_OPTIMIZATION_LEVEL = "-Onone";
			};
			name = Debug;
		};
		DC32954E2458882F00E4F1DF /* Release */ = {
			isa = XCBuildConfiguration;
			buildSettings = {
				ALWAYS_SEARCH_USER_PATHS = NO;
				CLANG_ANALYZER_NONNULL = YES;
				CLANG_ANALYZER_NUMBER_OBJECT_CONVERSION = YES_AGGRESSIVE;
				CLANG_CXX_LANGUAGE_STANDARD = "gnu++14";
				CLANG_CXX_LIBRARY = "libc++";
				CLANG_ENABLE_MODULES = YES;
				CLANG_ENABLE_OBJC_ARC = YES;
				CLANG_ENABLE_OBJC_WEAK = YES;
				CLANG_WARN_BLOCK_CAPTURE_AUTORELEASING = YES;
				CLANG_WARN_BOOL_CONVERSION = YES;
				CLANG_WARN_COMMA = YES;
				CLANG_WARN_CONSTANT_CONVERSION = YES;
				CLANG_WARN_DEPRECATED_OBJC_IMPLEMENTATIONS = YES;
				CLANG_WARN_DIRECT_OBJC_ISA_USAGE = YES_ERROR;
				CLANG_WARN_DOCUMENTATION_COMMENTS = YES;
				CLANG_WARN_EMPTY_BODY = YES;
				CLANG_WARN_ENUM_CONVERSION = YES;
				CLANG_WARN_INFINITE_RECURSION = YES;
				CLANG_WARN_INT_CONVERSION = YES;
				CLANG_WARN_NON_LITERAL_NULL_CONVERSION = YES;
				CLANG_WARN_OBJC_IMPLICIT_RETAIN_SELF = YES;
				CLANG_WARN_OBJC_LITERAL_CONVERSION = YES;
				CLANG_WARN_OBJC_ROOT_CLASS = YES_ERROR;
				CLANG_WARN_RANGE_LOOP_ANALYSIS = YES;
				CLANG_WARN_STRICT_PROTOTYPES = YES;
				CLANG_WARN_SUSPICIOUS_MOVE = YES;
				CLANG_WARN_UNGUARDED_AVAILABILITY = YES_AGGRESSIVE;
				CLANG_WARN_UNREACHABLE_CODE = YES;
				CLANG_WARN__DUPLICATE_METHOD_MATCH = YES;
				COPY_PHASE_STRIP = NO;
				DEBUG_INFORMATION_FORMAT = "dwarf-with-dsym";
				ENABLE_NS_ASSERTIONS = NO;
				ENABLE_STRICT_OBJC_MSGSEND = YES;
				GCC_C_LANGUAGE_STANDARD = gnu11;
				GCC_NO_COMMON_BLOCKS = YES;
				GCC_WARN_64_TO_32_BIT_CONVERSION = YES;
				GCC_WARN_ABOUT_RETURN_TYPE = YES_ERROR;
				GCC_WARN_UNDECLARED_SELECTOR = YES;
				GCC_WARN_UNINITIALIZED_AUTOS = YES_AGGRESSIVE;
				GCC_WARN_UNUSED_FUNCTION = YES;
				GCC_WARN_UNUSED_VARIABLE = YES;
				IPHONEOS_DEPLOYMENT_TARGET = 13.4;
				MTL_ENABLE_DEBUG_INFO = NO;
				MTL_FAST_MATH = YES;
				SDKROOT = iphoneos;
				SWIFT_COMPILATION_MODE = wholemodule;
				SWIFT_OPTIMIZATION_LEVEL = "-O";
				VALIDATE_PRODUCT = YES;
			};
			name = Release;
		};
		DC3295502458882F00E4F1DF /* Debug */ = {
			isa = XCBuildConfiguration;
			buildSettings = {
				ASSETCATALOG_COMPILER_APPICON_NAME = AppIcon;
				CODE_SIGN_STYLE = Automatic;
				DEVELOPMENT_TEAM = 8C98S3WY53;
				INFOPLIST_FILE = NestedClosures/Info.plist;
				LD_RUNPATH_SEARCH_PATHS = (
					"$(inherited)",
					"@executable_path/Frameworks",
				);
				PRODUCT_BUNDLE_IDENTIFIER = com.stevedao.test.NestedClosures;
				PRODUCT_NAME = "$(TARGET_NAME)";
				SWIFT_VERSION = 5.0;
				TARGETED_DEVICE_FAMILY = "1,2";
			};
			name = Debug;
		};
		DC3295512458882F00E4F1DF /* Release */ = {
			isa = XCBuildConfiguration;
			buildSettings = {
				ASSETCATALOG_COMPILER_APPICON_NAME = AppIcon;
				CODE_SIGN_STYLE = Automatic;
				DEVELOPMENT_TEAM = 8C98S3WY53;
				INFOPLIST_FILE = NestedClosures/Info.plist;
				LD_RUNPATH_SEARCH_PATHS = (
					"$(inherited)",
					"@executable_path/Frameworks",
				);
				PRODUCT_BUNDLE_IDENTIFIER = com.stevedao.test.NestedClosures;
				PRODUCT_NAME = "$(TARGET_NAME)";
				SWIFT_VERSION = 5.0;
				TARGETED_DEVICE_FAMILY = "1,2";
			};
			name = Release;
		};
/* End XCBuildConfiguration section */

/* Begin XCConfigurationList section */
		DC3295362458882E00E4F1DF /* Build configuration list for PBXProject "NestedClosures" */ = {
			isa = XCConfigurationList;
			buildConfigurations = (
				DC32954D2458882F00E4F1DF /* Debug */,
				DC32954E2458882F00E4F1DF /* Release */,
			);
			defaultConfigurationIsVisible = 0;
			defaultConfigurationName = Release;
		};
		DC32954F2458882F00E4F1DF /* Build configuration list for PBXNativeTarget "NestedClosures" */ = {
			isa = XCConfigurationList;
			buildConfigurations = (
				DC3295502458882F00E4F1DF /* Debug */,
				DC3295512458882F00E4F1DF /* Release */,
			);
			defaultConfigurationIsVisible = 0;
			defaultConfigurationName = Release;
		};
/* End XCConfigurationList section */
	};
	rootObject = DC3295332458882E00E4F1DF /* Project object */;
}
